{
  "object": {
    "pins": [
      {
        "package": "ComposableRequest",
        "repositoryURL": "https://github.com/sbertix/ComposableRequest",
        "state": {
          "branch": null,
          "revision": "d4f0198a9dbb221e07b406b8ec2fbcdcbb4ca34f",
          "version": "5.3.1"
        }
      },
      {
        "package": "KeychainAccess",
        "repositoryURL": "https://github.com/kishikawakatsumi/KeychainAccess",
        "state": {
          "branch": null,
          "revision": "84e546727d66f1adc5439debad16270d0fdd04e7",
          "version": "4.2.2"
        }
      },
      {
        "package": "SwCrypt",
        "repositoryURL": "https://github.com/sbertix/SwCrypt.git",
        "state": {
          "branch": null,
          "revision": "e850285c2dadd4343be9465adc67cd717a64792f",
          "version": "5.1.4"
        }
      },
      {
        "package": "Swiftagram",
        "repositoryURL": "https://github.com/sbertix/Swiftagram.git",
        "state": {
          "branch": "main",
          "revision": "de8a5d840a81b3d0dd66f0dc45304c54f29d0fda",
          "version": null
        }
      }
    ]
  },
  "version": 1
}
